{"SurveyEntry":{"SurveyID":"SV_3UCJtRutT2wgPit","SurveyName":"Collaboration Template","SurveyDescription":null,"SurveyOwnerID":"UR_23ODPq3Dr2FjB2J","SurveyBrandID":"kmrc","DivisionID":null,"SurveyLanguage":"EN","SurveyActiveResponseSet":"RS_6LOBX67tz9yO4ND","SurveyStatus":"Inactive","SurveyStartDate":"0000-00-00 00:00:00","SurveyExpirationDate":"0000-00-00 00:00:00","SurveyCreationDate":"2019-04-10 05:29:40","CreatorID":"UR_23ODPq3Dr2FjB2J","LastModified":"2019-05-31 07:19:40","LastAccessed":"0000-00-00 00:00:00","LastActivated":"0000-00-00 00:00:00","Deleted":null},"SurveyElements":[{"SurveyID":"SV_3UCJtRutT2wgPit","Element":"BL","PrimaryAttribute":"Survey Blocks","SecondaryAttribute":null,"TertiaryAttribute":null,"Payload":[{"Type":"Default","Description":"Introduction","ID":"BL_cvGNBbrKy40ow4d","BlockElements":[{"Type":"Question","QuestionID":"QID28"},{"Type":"Page Break"},{"Type":"Question","QuestionID":"QID1"}]},{"Type":"Trash","Description":"Trash \/ Unused Questions","ID":"BL_8u1hQsHnRZqxj37","BlockElements":[]},{"Type":"Standard","SubType":"","Description":"Prior","ID":"BL_5bzwtrOWIwmDuBL","BlockElements":[{"Type":"Question","QuestionID":"QID18"}]},{"Type":"Standard","SubType":"","Description":"Error","ID":"BL_6P7b2nZV7naoERf","BlockElements":[{"Type":"Question","QuestionID":"QID4"},{"Type":"Question","QuestionID":"QID3"},{"Type":"Question","QuestionID":"QID6"},{"Type":"Question","QuestionID":"QID7"},{"Type":"Question","QuestionID":"QID10"},{"Type":"Question","QuestionID":"QID14"},{"Type":"Question","QuestionID":"QID16"},{"Type":"Question","QuestionID":"QID5"},{"Type":"Page Break"},{"Type":"Question","QuestionID":"QID11"}]},{"Type":"Standard","SubType":"","Description":"Reading","ID":"BL_7Ty1f8b8qCD4j9X","BlockElements":[{"Type":"Question","QuestionID":"QID9"}]},{"Type":"Standard","SubType":"","Description":"Individual","ID":"BL_2tP2juj4PRjtnsV","BlockElements":[{"Type":"Question","QuestionID":"QID17"},{"Type":"Question","QuestionID":"QID12"}]},{"Type":"Standard","SubType":"","Description":"Collaborative","ID":"BL_aV6mZpaRGDwvaeh","BlockElements":[{"Type":"Question","QuestionID":"QID29"},{"Type":"Question","QuestionID":"QID32"},{"Type":"Page Break"},{"Type":"Question","QuestionID":"QID13"},{"Type":"Page Break"},{"Type":"Question","QuestionID":"QID15"}]},{"Type":"Standard","SubType":"","Description":"Post","ID":"BL_09dGsUR8s01a2ZT","BlockElements":[{"Type":"Question","QuestionID":"QID30"}]},{"Type":"Standard","SubType":"","Description":"Redirect","ID":"BL_0DqyZJ11MxrkeS9","BlockElements":[{"Type":"Question","QuestionID":"QID31"}]}]},{"SurveyID":"SV_3UCJtRutT2wgPit","Element":"FL","PrimaryAttribute":"Survey Flow","SecondaryAttribute":null,"TertiaryAttribute":null,"Payload":{"Type":"Root","FlowID":"FL_1","Flow":[{"Type":"WebService","FlowID":"FL_3","URL":"https:\/\/ <base url> \/trial\/age\/","Method":"POST","RequestParams":[{"key":"","value":"Set a Value Now"}],"EditBodyParams":[{"key":"key","value":"3858f62230ac3c915f300c664312c63f"}],"Body":[{"key":"key","value":"3858f62230ac3c915f300c664312c63f"}],"ContentType":"application\/x-www-form-urlencoded","Headers":[],"ResponseMap":[{"key":"difference","value":"TimeDifference"},{"key":"1","value":"ErrorCode"}],"FireAndForget":false,"SchemaVersion":0,"StringifyValues":true},{"Type":"Branch","FlowID":"FL_4","Description":"New Branch","BranchLogic":{"0":{"0":{"LogicType":"EmbeddedField","LeftOperand":"TimeDifference","Operator":"GreaterThan","RightOperand":"90","_HiddenExpression":false,"Type":"Expression","Description":"<span class=\"ConjDesc\">If<\/span>  <span class=\"LeftOpDesc\">TimeDifference<\/span> <span class=\"OpDesc\">Is Greater Than<\/span> <span class=\"RightOpDesc\"> 90 <\/span>"},"Type":"If"},"Type":"BooleanExpression"},"Flow":[{"Type":"EmbeddedData","FlowID":"FL_48","EmbeddedData":[{"Description":"ErrorCode","Type":"Custom","Field":"ErrorCode","VariableType":"String","DataVisibility":[],"AnalyzeText":false,"Value":"1"}]},{"Type":"Block","ID":"BL_6P7b2nZV7naoERf","FlowID":"FL_10"},{"Type":"EndSurvey","FlowID":"FL_5"}]},{"Type":"Block","ID":"BL_cvGNBbrKy40ow4d","FlowID":"FL_2"},{"Type":"WebService","FlowID":"FL_6","URL":"https:\/\/ <base url> \/trial\/add\/","Method":"POST","RequestParams":[{"key":"","value":"Set a Value Now"}],"EditBodyParams":[{"key":"key","value":"3858f62230ac3c915f300c664312c63f"},{"key":"name","value":"${q:\/\/QID1\/ChoiceTextEntryValue}"}],"Body":[{"key":"key","value":"3858f62230ac3c915f300c664312c63f"},{"key":"name","value":"${q:\/\/QID1\/ChoiceTextEntryValue}"}],"ContentType":"application\/x-www-form-urlencoded","Headers":[],"ResponseMap":[{"key":"subject","value":"SubjectId"},{"key":"status","value":"StatusCode"}],"FireAndForget":false,"SchemaVersion":0,"StringifyValues":true},{"Type":"Branch","FlowID":"FL_9","Description":"New Branch","BranchLogic":{"0":{"0":{"LogicType":"EmbeddedField","LeftOperand":"StatusCode","Operator":"EqualTo","RightOperand":"1","_HiddenExpression":false,"Type":"Expression","Description":"<span class=\"ConjDesc\">If<\/span>  <span class=\"LeftOpDesc\">StatusCode<\/span> <span class=\"OpDesc\">Is Equal to<\/span> <span class=\"RightOpDesc\"> 1 <\/span>"},"Type":"If"},"Type":"BooleanExpression"},"Flow":[{"Type":"EmbeddedData","FlowID":"FL_39","EmbeddedData":[{"Description":"ErrorCode","Type":"Custom","Field":"ErrorCode","VariableType":"String","DataVisibility":[],"AnalyzeText":false,"Value":"2"},{"Description":"Create New Field or Choose From Dropdown...","Type":"Recipient","Field":"Create New Field or Choose From Dropdown...","VariableType":"String","DataVisibility":[],"AnalyzeText":false}]},{"Type":"Block","ID":"BL_6P7b2nZV7naoERf","FlowID":"FL_11"},{"Type":"EndSurvey","FlowID":"FL_12"}]},{"Type":"Standard","ID":"BL_5bzwtrOWIwmDuBL","FlowID":"FL_8"},{"Type":"WebService","FlowID":"FL_14","URL":"https:\/\/ <base url> \/trial\/value\/","Method":"POST","RequestParams":[],"EditBodyParams":[{"key":"key","value":"3858f62230ac3c915f300c664312c63f"},{"key":"subject","value":"${e:\/\/Field\/SubjectId}"},{"key":"value","value":"${q:\/\/QID18\/SelectedChoicesRecode}"}],"Body":[{"key":"key","value":"3858f62230ac3c915f300c664312c63f"},{"key":"subject","value":"${e:\/\/Field\/SubjectId}"},{"key":"value","value":"${q:\/\/QID18\/SelectedChoicesRecode}"}],"ContentType":"application\/x-www-form-urlencoded","Headers":[],"ResponseMap":[{"key":"status","value":"StatusCode"}],"FireAndForget":false,"SchemaVersion":0,"StringifyValues":true},{"Type":"Branch","FlowID":"FL_20","Description":"New Branch","BranchLogic":{"0":{"0":{"LogicType":"EmbeddedField","LeftOperand":"StatusCode","Operator":"EqualTo","RightOperand":"1","_HiddenExpression":false,"Type":"Expression","Description":"<span class=\"ConjDesc\">If<\/span>  <span class=\"LeftOpDesc\">StatusCode<\/span> <span class=\"OpDesc\">Is Equal to<\/span> <span class=\"RightOpDesc\"> 1 <\/span>"},"Type":"If"},"Type":"BooleanExpression"},"Flow":[{"Type":"EmbeddedData","FlowID":"FL_40","EmbeddedData":[{"Description":"ErrorCode","Type":"Custom","Field":"ErrorCode","VariableType":"String","DataVisibility":[],"AnalyzeText":false,"Value":"3"}]},{"Type":"WebService","FlowID":"FL_33","URL":"https:\/\/ <base url> \/trial\/details\/","Method":"POST","RequestParams":[],"EditBodyParams":[{"key":"key","value":"3858f62230ac3c915f300c664312c63f"},{"key":"subject","value":"${e:\/\/Field\/SubjectId}"}],"Body":[{"key":"key","value":"3858f62230ac3c915f300c664312c63f"},{"key":"subject","value":"${e:\/\/Field\/SubjectId}"}],"ContentType":"application\/x-www-form-urlencoded","Headers":[],"ResponseMap":[{"key":"details.TrialId","value":"log.TrialId"},{"key":"details.Activated","value":"log.Activated"},{"key":"details.SubjectId","value":"log.SubjectId"},{"key":"details.Name","value":"log.Name"},{"key":"details.Timestamp","value":"log.Timestamp"},{"key":"details.Value","value":"log.Value"},{"key":"details.Assigned","value":"log.Assigned"},{"key":"details.Condition","value":"log.Condition"},{"key":"details.Ready","value":"log.Ready"},{"key":"details.PartnerId","value":"log.PartnerId"},{"key":"details.Session","value":"log.Session"}],"FireAndForget":false,"SchemaVersion":0,"StringifyValues":true},{"Type":"Block","ID":"BL_6P7b2nZV7naoERf","FlowID":"FL_21"},{"Type":"EndSurvey","FlowID":"FL_22","EndingType":"Default","Options":{"Advanced":"","SurveyTermination":"Redirect","EOSRedirectURL":"http:\/\/www.qualtrics.com"}}]},{"Type":"Standard","ID":"BL_7Ty1f8b8qCD4j9X","FlowID":"FL_15"},{"Type":"WebService","FlowID":"FL_16","URL":"https:\/\/ <base url> \/trial\/match\/","Method":"POST","RequestParams":[],"EditBodyParams":[{"key":"key","value":"3858f62230ac3c915f300c664312c63f"}],"Body":[{"key":"key","value":"3858f62230ac3c915f300c664312c63f"}],"ContentType":"application\/x-www-form-urlencoded","Headers":[],"ResponseMap":[{"key":"status","value":"StatusCode"}],"FireAndForget":false,"SchemaVersion":0,"StringifyValues":true},{"Type":"Branch","FlowID":"FL_17","Description":"New Branch","BranchLogic":{"0":{"0":{"LogicType":"EmbeddedField","LeftOperand":"StatusCode","Operator":"EqualTo","RightOperand":"1","_HiddenExpression":false,"Type":"Expression","Description":"<span class=\"ConjDesc\">If<\/span>  <span class=\"LeftOpDesc\">StatusCode<\/span> <span class=\"OpDesc\">Is Equal to<\/span> <span class=\"RightOpDesc\"> 1 <\/span>"},"Type":"If"},"Type":"BooleanExpression"},"Flow":[{"Type":"EmbeddedData","FlowID":"FL_41","EmbeddedData":[{"Description":"ErrorCode","Type":"Custom","Field":"ErrorCode","VariableType":"String","DataVisibility":[],"AnalyzeText":false,"Value":"4"}]},{"Type":"WebService","FlowID":"FL_34","URL":"https:\/\/ <base url> \/trial\/details\/","Method":"POST","RequestParams":[],"EditBodyParams":[{"key":"key","value":"3858f62230ac3c915f300c664312c63f"},{"key":"subject","value":"${e:\/\/Field\/SubjectId}"}],"Body":[{"key":"key","value":"3858f62230ac3c915f300c664312c63f"},{"key":"subject","value":"${e:\/\/Field\/SubjectId}"}],"ContentType":"application\/x-www-form-urlencoded","Headers":[],"ResponseMap":[{"key":"details.TrialId","value":"log.TrialId"},{"key":"details.Activated","value":"log.Activated"},{"key":"details.SubjectId","value":"log.SubjectId"},{"key":"details.Name","value":"log.Name"},{"key":"details.Timestamp","value":"log.Timestamp"},{"key":"details.Value","value":"log.Value"},{"key":"details.Assigned","value":"log.Assigned"},{"key":"details.Condition","value":"log.Condition"},{"key":"details.Ready","value":"log.Ready"},{"key":"details.PartnerId","value":"log.PartnerId"},{"key":"details.Session","value":"log.Session"}],"FireAndForget":false,"SchemaVersion":0,"StringifyValues":true},{"Type":"Block","ID":"BL_6P7b2nZV7naoERf","FlowID":"FL_18"}]},{"Type":"Branch","FlowID":"FL_43","Description":"New Branch","BranchLogic":{"0":{"0":{"LogicType":"EmbeddedField","LeftOperand":"StatusCode","Operator":"EqualTo","RightOperand":"2","_HiddenExpression":false,"Type":"Expression","Description":"<span class=\"ConjDesc\">If<\/span>  <span class=\"LeftOpDesc\">StatusCode<\/span> <span class=\"OpDesc\">Is Equal to<\/span> <span class=\"RightOpDesc\"> 2 <\/span>"},"Type":"If"},"Type":"BooleanExpression"},"Flow":[{"Type":"Standard","ID":"BL_0DqyZJ11MxrkeS9","FlowID":"FL_47"},{"Type":"EndSurvey","FlowID":"FL_44","EndingType":"Advanced","Options":{"Advanced":"true","SurveyTermination":"Redirect","EOSRedirectURL":"https:\/\/<url>"}}]},{"Type":"WebService","FlowID":"FL_29","URL":"https:\/\/ <base url> \/trial\/partner\/","Method":"POST","RequestParams":[],"EditBodyParams":[{"key":"key","value":"3858f62230ac3c915f300c664312c63f"},{"key":"subject","value":"${e:\/\/Field\/SubjectId}"}],"Body":[{"key":"key","value":"3858f62230ac3c915f300c664312c63f"},{"key":"subject","value":"${e:\/\/Field\/SubjectId}"}],"ContentType":"application\/x-www-form-urlencoded","Headers":[],"ResponseMap":[{"key":"partner","value":"PartnerId"},{"key":"session","value":"SessionId"},{"key":"status","value":"StatusCode"}],"FireAndForget":false,"SchemaVersion":0,"StringifyValues":true},{"Type":"Branch","FlowID":"FL_30","Description":"New Branch","BranchLogic":{"0":{"0":{"LogicType":"EmbeddedField","LeftOperand":"StatusCode","Operator":"EqualTo","RightOperand":"1","_HiddenExpression":false,"Type":"Expression","Description":"<span class=\"ConjDesc\">If<\/span>  <span class=\"LeftOpDesc\">StatusCode<\/span> <span class=\"OpDesc\">Is Equal to<\/span> <span class=\"RightOpDesc\"> 1 <\/span>"},"Type":"If"},"Type":"BooleanExpression"},"Flow":[{"Type":"EmbeddedData","FlowID":"FL_42","EmbeddedData":[{"Description":"ErrorCode","Type":"Custom","Field":"ErrorCode","VariableType":"String","DataVisibility":[],"AnalyzeText":false,"Value":"5"}]},{"Type":"WebService","FlowID":"FL_35","URL":"https:\/\/ <base url> \/trial\/details\/","Method":"POST","RequestParams":[],"EditBodyParams":[{"key":"key","value":"3858f62230ac3c915f300c664312c63f"},{"key":"subject","value":"${e:\/\/Field\/SubjectId}"}],"Body":[{"key":"key","value":"3858f62230ac3c915f300c664312c63f"},{"key":"subject","value":"${e:\/\/Field\/SubjectId}"}],"ContentType":"application\/x-www-form-urlencoded","Headers":[],"ResponseMap":[{"key":"details.TrialId","value":"log.TrialId"},{"key":"details.Activated","value":"log.Activated"},{"key":"details.SubjectId","value":"log.SubjectId"},{"key":"details.Name","value":"log.Name"},{"key":"details.Timestamp","value":"log.Timestamp"},{"key":"details.Value","value":"log.Value"},{"key":"details.Assigned","value":"log.Assigned"},{"key":"details.Condition","value":"log.Condition"},{"key":"details.Ready","value":"log.Ready"},{"key":"details.PartnerId","value":"log.PartnerId"},{"key":"details.Session","value":"log.Session"}],"FireAndForget":false,"SchemaVersion":0,"StringifyValues":true},{"Type":"Block","ID":"BL_6P7b2nZV7naoERf","FlowID":"FL_31"}]},{"Type":"Standard","ID":"BL_2tP2juj4PRjtnsV","FlowID":"FL_26"},{"Type":"WebService","FlowID":"FL_32","URL":"https:\/\/ <base url> \/trial\/ready\/","Method":"POST","RequestParams":[],"EditBodyParams":[{"key":"key","value":"3858f62230ac3c915f300c664312c63f"},{"key":"method","value":"set"},{"key":"subject","value":"${e:\/\/Field\/SubjectId}"}],"Body":[{"key":"key","value":"3858f62230ac3c915f300c664312c63f"},{"key":"method","value":"set"},{"key":"subject","value":"${e:\/\/Field\/SubjectId}"}],"ContentType":"application\/x-www-form-urlencoded","Headers":[],"ResponseMap":[{"key":"ready","value":"ParticipantReady"},{"key":"status","value":"StatusCode"},{"key":"6","value":"ErrorCode"}],"FireAndForget":false,"SchemaVersion":0,"StringifyValues":true},{"Type":"WebService","FlowID":"FL_36","URL":"https:\/\/ <base url> \/trial\/details\/","Method":"POST","RequestParams":[],"EditBodyParams":[{"key":"key","value":"3858f62230ac3c915f300c664312c63f"},{"key":"subject","value":"${e:\/\/Field\/PartnerId}"}],"Body":[{"key":"key","value":"3858f62230ac3c915f300c664312c63f"},{"key":"subject","value":"${e:\/\/Field\/PartnerId}"}],"ContentType":"application\/x-www-form-urlencoded","Headers":[],"ResponseMap":[{"key":"details.Value","value":"partner.Value"}],"FireAndForget":false,"SchemaVersion":0,"StringifyValues":true},{"Type":"Branch","FlowID":"FL_50","Description":"New Branch","BranchLogic":{"0":{"0":{"LogicType":"EmbeddedField","LeftOperand":"partner.Value","Operator":"LessThanOrEqual","RightOperand":"5","_HiddenExpression":false,"Type":"Expression","Description":"<span class=\"ConjDesc\">If<\/span>  <span class=\"LeftOpDesc\">partner.Value<\/span> <span class=\"OpDesc\">Is Less Than or Equal to<\/span> <span class=\"RightOpDesc\"> 5 <\/span>"},"Type":"If"},"Type":"BooleanExpression"},"Flow":[{"Type":"EmbeddedData","FlowID":"FL_51","EmbeddedData":[{"Description":"PartnerOpinion","Type":"Custom","Field":"PartnerOpinion","VariableType":"String","DataVisibility":[],"AnalyzeText":false,"Value":"0"}]}]},{"Type":"Branch","FlowID":"FL_52","Description":"New Branch","BranchLogic":{"0":{"0":{"LogicType":"EmbeddedField","LeftOperand":"partner.Value","Operator":"GreaterThanOrEqual","RightOperand":"6","_HiddenExpression":false,"Type":"Expression","Description":"<span class=\"ConjDesc\">If<\/span>  <span class=\"LeftOpDesc\">partner.Value<\/span> <span class=\"OpDesc\">Is Greater Than or Equal to<\/span> <span class=\"RightOpDesc\"> 6 <\/span>"},"Type":"If"},"Type":"BooleanExpression"},"Flow":[{"Type":"EmbeddedData","FlowID":"FL_53","EmbeddedData":[{"Description":"PartnerOpinion","Type":"Custom","Field":"PartnerOpinion","VariableType":"String","DataVisibility":[],"AnalyzeText":false,"Value":"1"}]}]},{"Type":"Standard","ID":"BL_aV6mZpaRGDwvaeh","FlowID":"FL_27"},{"Type":"Standard","ID":"BL_09dGsUR8s01a2ZT","FlowID":"FL_46"},{"Type":"WebService","FlowID":"FL_49","URL":"https:\/\/ <base url> \/trial\/details\/","Method":"POST","RequestParams":[],"EditBodyParams":[{"key":"key","value":"3858f62230ac3c915f300c664312c63f"},{"key":"subject","value":"${e:\/\/Field\/SubjectId}"}],"Body":[{"key":"key","value":"3858f62230ac3c915f300c664312c63f"},{"key":"subject","value":"${e:\/\/Field\/SubjectId}"}],"ContentType":"application\/x-www-form-urlencoded","Headers":[],"ResponseMap":[{"key":"details.TrialId","value":"log.TrialId"},{"key":"details.Activated","value":"log.Activated"},{"key":"details.SubjectId","value":"log.SubjectId"},{"key":"details.Name","value":"log.Name"},{"key":"details.Timestamp","value":"log.Timestamp"},{"key":"details.Value","value":"log.Value"},{"key":"details.Assigned","value":"log.Assigned"},{"key":"details.Condition","value":"log.Condition"},{"key":"details.Ready","value":"log.Ready"},{"key":"details.PartnerId","value":"log.PartnerId"},{"key":"details.Session","value":"log.Session"}],"FireAndForget":false,"SchemaVersion":0,"StringifyValues":true}],"Properties":{"Count":53,"RemovedFieldsets":[]}}},{"SurveyID":"SV_3UCJtRutT2wgPit","Element":"SO","PrimaryAttribute":"Survey Options","SecondaryAttribute":null,"TertiaryAttribute":null,"Payload":{"BackButton":"false","SaveAndContinue":"true","SurveyProtection":"PublicSurvey","BallotBoxStuffingPrevention":"false","NoIndex":"Yes","SecureResponseFiles":"true","SurveyExpiration":"None","SurveyTermination":"DefaultMessage","Header":"","Footer":"","ProgressBarDisplay":"None","PartialData":"+1 week","ValidationMessage":"","PreviousButton":" \u2190 ","NextButton":" \u2192 ","SkinLibrary":"kmrc","SkinType":"MQ","Skin":"kmrc2","NewScoring":1,"CustomStyles":{"customCSS":".iframe-container {\n  overflow: hidden;\n  padding-top: 56.25%;\n  position: relative;\n}\n \n.iframe-container iframe {\n   border: 0;\n   height: 100%;\n   left: 0;\n   position: absolute;\n   top: 0;\n   width: 100%;\n}"}}},{"SurveyID":"SV_3UCJtRutT2wgPit","Element":"SCO","PrimaryAttribute":"Scoring","SecondaryAttribute":null,"TertiaryAttribute":null,"Payload":{"ScoringCategories":[],"ScoringCategoryGroups":[],"ScoringSummaryCategory":null,"ScoringSummaryAfterQuestions":0,"ScoringSummaryAfterSurvey":0,"DefaultScoringCategory":null,"AutoScoringCategory":null}},{"SurveyID":"SV_3UCJtRutT2wgPit","Element":"PROJ","PrimaryAttribute":"CORE","SecondaryAttribute":null,"TertiaryAttribute":"1.1.0","Payload":{"ProjectCategory":"CORE","SchemaVersion":"1.1.0"}},{"SurveyID":"SV_3UCJtRutT2wgPit","Element":"STAT","PrimaryAttribute":"Survey Statistics","SecondaryAttribute":null,"TertiaryAttribute":null,"Payload":{"MobileCompatible":true,"ID":"Survey Statistics"}},{"SurveyID":"SV_3UCJtRutT2wgPit","Element":"SQ","PrimaryAttribute":"QID13","SecondaryAttribute":" ","TertiaryAttribute":null,"Payload":{"QuestionText":"&nbsp;","QuestionJS":"Qualtrics.SurveyEngine.addOnload(function()\n{\n\t\/*Place your JavaScript here to run when the page loads*\/\n\tthis.disableNextButton();\n\t\n\tvar url = \"https:\/\/kmrc.qualtrics.com\/WRQualtricsControlPanel\/Graphic.php?IM=IM_agbxYa2AAuxuPqZ\";\n\tvar text = \"Please wait until you collaborator has finished writing the individual text. This could take a moment.\";\n\n\tvar c = this.questionContainer;\n\tvar span = QBuilder('span',{},text);\n\tvar tc = QBuilder('div',{},[span]);\n\t$(tc).setStyle({textAlign:'center'});\n\t\n\t$(c).appendChild(tc);\n\t\n\tvar img = QBuilder('img',{src:url});\n\tvar ic = QBuilder('div',{},[img]);\n\t$(ic).setStyle({textAlign:'center'});\n\n\t$(c).appendChild(ic);\n\t\n\tvar that = this;\n\t\n\tlet timerId = setInterval(function() \n\t{\n\t\tjQuery.ajax({\n\t\t\tcrossDomain: true, \n\t\t\ttype: 'post',\n\t\t\turl: 'https:\/\/ <base url> \/trial\/ready',\n\t\t\tdataType: 'text',\n\t\t\tdata: {\n\t\t\t\t'key' : '3858f62230ac3c915f300c664312c63f',\n\t\t\t\t'method' : 'get',\n\t\t\t\t'subject': Qualtrics.SurveyEngine.getEmbeddedData('PartnerId')\n\t\t\t},\n\t\t\tsuccess: function(data, status) {\n\t\t\t\tjson = JSON.parse(data)\n\n\t\t\t\tif (json.ready == 1) {\n\n\t\t\t\t\t$(img).hide();\n\t\t\t\t\t$(tc).hide();\n\t\t\t\t\t\n\t\t\t\t\tvar text = \"Your collaborator has finished writing the individual  text. Please click on next to start collaborating.\";\n\n\t\t\t\t\tvar c = that.questionContainer;\n\n\t\t\t\t\tvar span = QBuilder('span',{},text);\n\t\t\t\t\tvar div = QBuilder('div',{},[span]);\n\t\t\t\t\t$(c).appendChild(div);\n\n\t\t\t\t\tthat.enableNextButton();\n\t\t\t\t\t\n\t\t\t\t\tclearInterval(timerId);\n\t\t\t\t\t\n\t\t\t\t}\n\t\t\t}\n\t\t});\n\t\t\n\t}, 5000);\t\n\n});\n\nQualtrics.SurveyEngine.addOnReady(function()\n{\n\t\/*Place your JavaScript here to run when the page is fully displayed*\/\n\n});\n\nQualtrics.SurveyEngine.addOnUnload(function()\n{\n\t\/*Place your JavaScript here to run when the page is unloaded*\/\n\n});","DefaultChoices":false,"DataExportTag":"waiting","QuestionID":"QID13","QuestionType":"DB","Selector":"TB","Configuration":{"QuestionDescriptionOption":"UseText"},"QuestionDescription":" ","ChoiceOrder":[],"Validation":{"Settings":{"Type":"None"}},"GradingData":[],"Language":[],"NextChoiceId":4,"NextAnswerId":1,"DataVisibility":{"Private":false,"Hidden":false}}},{"SurveyID":"SV_3UCJtRutT2wgPit","Element":"SQ","PrimaryAttribute":"QID15","SecondaryAttribute":" ","TertiaryAttribute":null,"Payload":{"QuestionText":"<div class=\"iframe-container\">\n<iframe name=\"embed_readwrite\" src=\"https:\/\/ <base url > \/p\/${e:\/\/Field\/SessionId}?showControls=true&showChat=true&showLineNumbers=false&useMonospaceFont=false&userName=${q:\/\/QID1\/ChoiceTextEntryValue}\"><\/iframe><\/div>","DefaultChoices":false,"DataExportTag":"collaborative_writin","QuestionID":"QID15","QuestionType":"DB","Selector":"TB","DataVisibility":{"Private":false,"Hidden":false},"Configuration":{"QuestionDescriptionOption":"UseText"},"ChoiceOrder":[],"Validation":{"Settings":{"Type":"None"}},"GradingData":[],"Language":[],"NextChoiceId":4,"NextAnswerId":1,"QuestionDescription":" "}},{"SurveyID":"SV_3UCJtRutT2wgPit","Element":"QC","PrimaryAttribute":"Survey Question Count","SecondaryAttribute":"32","TertiaryAttribute":null,"Payload":null},{"SurveyID":"SV_3UCJtRutT2wgPit","Element":"SQ","PrimaryAttribute":"QID12","SecondaryAttribute":"Click to write the question text","TertiaryAttribute":null,"Payload":{"QuestionText":"Click to write the question text","DefaultChoices":false,"DataExportTag":"individual_text","QuestionID":"QID12","QuestionType":"TE","Selector":"ESTB","DataVisibility":{"Private":false,"Hidden":false},"Configuration":{"QuestionDescriptionOption":"UseText","AllowFreeResponse":"false"},"QuestionDescription":"Click to write the question text","Validation":{"Settings":{"ForceResponse":"OFF","ForceResponseType":"ON","Type":"None"}},"GradingData":[],"Language":[],"NextChoiceId":4,"NextAnswerId":1}},{"SurveyID":"SV_3UCJtRutT2wgPit","Element":"SQ","PrimaryAttribute":"QID29","SecondaryAttribute":"Collaborative writing phase","TertiaryAttribute":null,"Payload":{"QuestionText":"Collaborative writing phase","DefaultChoices":false,"DataExportTag":"instructions","QuestionID":"QID29","QuestionType":"DB","Selector":"TB","Configuration":{"QuestionDescriptionOption":"UseText"},"QuestionDescription":"Collaborative writing phase","ChoiceOrder":[],"Validation":{"Settings":{"Type":"None"}},"GradingData":[],"Language":[],"NextChoiceId":4,"NextAnswerId":1}},{"SurveyID":"SV_3UCJtRutT2wgPit","Element":"SQ","PrimaryAttribute":"QID28","SecondaryAttribute":"Consent form","TertiaryAttribute":null,"Payload":{"QuestionText":"Consent form","DefaultChoices":false,"DataExportTag":"consent","QuestionType":"DB","Selector":"TB","Configuration":{"QuestionDescriptionOption":"UseText"},"QuestionDescription":"Consent form","ChoiceOrder":[],"Validation":{"Settings":{"Type":"None"}},"GradingData":[],"Language":[],"NextChoiceId":4,"NextAnswerId":1,"QuestionID":"QID28"}},{"SurveyID":"SV_3UCJtRutT2wgPit","Element":"SQ","PrimaryAttribute":"QID30","SecondaryAttribute":"Debriefing","TertiaryAttribute":null,"Payload":{"QuestionText":"Debriefing","DefaultChoices":false,"DataExportTag":"debrief","QuestionType":"DB","Selector":"TB","Configuration":{"QuestionDescriptionOption":"UseText"},"QuestionDescription":"Debriefing","ChoiceOrder":[],"Validation":{"Settings":{"Type":"None"}},"GradingData":[],"Language":[],"NextChoiceId":4,"NextAnswerId":1,"QuestionID":"QID30"}},{"SurveyID":"SV_3UCJtRutT2wgPit","Element":"RS","PrimaryAttribute":"RS_6LOBX67tz9yO4ND","SecondaryAttribute":"Default Response Set","TertiaryAttribute":null,"Payload":null},{"SurveyID":"SV_3UCJtRutT2wgPit","Element":"SQ","PrimaryAttribute":"QID31","SecondaryAttribute":"Due to an odd number of participants in this session there is no one left to collaborate with. Fo...","TertiaryAttribute":null,"Payload":{"QuestionText":"Due to an odd number of participants in this session there is no one left to collaborate with. For this reason we will redirect you to another unrelated study.","DefaultChoices":false,"DataExportTag":"redirect","QuestionType":"DB","Selector":"TB","Configuration":{"QuestionDescriptionOption":"UseText"},"QuestionDescription":"Due to an odd number of participants in this session there is no one left to collaborate with. Fo...","ChoiceOrder":[],"Validation":{"Settings":{"Type":"None"}},"GradingData":[],"Language":[],"NextChoiceId":4,"NextAnswerId":1,"QuestionID":"QID31"}},{"SurveyID":"SV_3UCJtRutT2wgPit","Element":"SQ","PrimaryAttribute":"QID11","SecondaryAttribute":"Enter the continue code to proceed with the experiment.","TertiaryAttribute":null,"Payload":{"QuestionText":"Enter the continue code to proceed with the experiment.","DefaultChoices":false,"DataExportTag":"continue","QuestionType":"TE","Selector":"SL","Configuration":{"QuestionDescriptionOption":"UseText","AllowFreeResponse":"false"},"QuestionDescription":"Enter the continue code to proceed with the experiment.","DisplayLogic":{"0":{"0":{"LogicType":"EmbeddedField","LeftOperand":"ErrorCode","Operator":"GreaterThanOrEqual","RightOperand":"4","Type":"Expression","Description":"<span class=\"ConjDesc\">If<\/span>  <span class=\"LeftOpDesc\">ErrorCode<\/span> <span class=\"OpDesc\">Is Greater Than or Equal to<\/span> <span class=\"RightOpDesc\"> 4 <\/span>"},"Type":"If"},"Type":"BooleanExpression","inPage":false},"Validation":{"Settings":{"ForceResponse":"ON","ForceResponseType":"ON","Type":"CustomValidation","CustomValidation":{"Logic":{"0":{"0":{"QuestionID":"QID11","QuestionIsInLoop":"no","ChoiceLocator":"q:\/\/QID11\/ChoiceTextEntryValue","Operator":"EqualTo","QuestionIDFromLocator":"QID11","LeftOperand":"q:\/\/QID11\/ChoiceTextEntryValue","RightOperand":"code","Type":"Expression","LogicType":"Question","Description":"<span class=\"ConjDesc\">If<\/span> <span class=\"QuestionDesc\">Enter the continue code to proceed with the experiment.<\/span> <span class=\"LeftOpDesc\">Text Response<\/span> <span class=\"OpDesc\">Is Equal to<\/span> <span class=\"RightOpDesc\"> code <\/span>"},"Type":"If"},"Type":"BooleanExpression"},"Message":{"messageID":null,"subMessageID":"VE_VALIDATION_FAILED","libraryID":null,"description":"Validation Failed"}}}},"GradingData":[],"Language":[],"NextChoiceId":4,"NextAnswerId":1,"QuestionID":"QID11","DataVisibility":{"Private":false,"Hidden":false}}},{"SurveyID":"SV_3UCJtRutT2wgPit","Element":"SQ","PrimaryAttribute":"QID3","SecondaryAttribute":"Error 1: It appears that this experimental session has not been activated.\u00a0","TertiaryAttribute":null,"Payload":{"QuestionText":"<p style=\"text-align: center;\">Error 1: It appears that this experimental session has not been activated.&nbsp;<\/p>","DefaultChoices":false,"DataExportTag":"error1","QuestionType":"DB","Selector":"TB","Configuration":{"QuestionDescriptionOption":"UseText"},"QuestionDescription":"Error 1: It appears that this experimental session has not been activated.\u00a0","ChoiceOrder":[],"Validation":{"Settings":{"Type":"None"}},"GradingData":[],"Language":[],"NextChoiceId":4,"NextAnswerId":1,"QuestionID":"QID3","DataVisibility":{"Private":false,"Hidden":false},"DisplayLogic":{"0":{"0":{"LogicType":"EmbeddedField","LeftOperand":"ErrorCode","Operator":"EqualTo","RightOperand":"1","Type":"Expression","Description":"<span class=\"ConjDesc\">If<\/span>  <span class=\"LeftOpDesc\">ErrorCode<\/span> <span class=\"OpDesc\">Is Equal to<\/span> <span class=\"RightOpDesc\"> 1 <\/span>"},"Type":"If"},"Type":"BooleanExpression","inPage":false}}},{"SurveyID":"SV_3UCJtRutT2wgPit","Element":"SQ","PrimaryAttribute":"QID6","SecondaryAttribute":"Error 2: We were unable to add you to our database.","TertiaryAttribute":null,"Payload":{"QuestionText":"<div style=\"text-align: center;\">Error 2: We were unable to add you to our database.<\/div>","DefaultChoices":false,"DataExportTag":"error2","QuestionType":"DB","Selector":"TB","Configuration":{"QuestionDescriptionOption":"UseText"},"QuestionDescription":"Error 2: We were unable to add you to our database.","DisplayLogic":{"0":{"0":{"LogicType":"EmbeddedField","LeftOperand":"ErrorCode","Operator":"EqualTo","RightOperand":"2","Type":"Expression","Description":"<span class=\"ConjDesc\">If<\/span>  <span class=\"LeftOpDesc\">ErrorCode<\/span> <span class=\"OpDesc\">Is Equal to<\/span> <span class=\"RightOpDesc\"> 2 <\/span>"},"Type":"If"},"Type":"BooleanExpression","inPage":false},"ChoiceOrder":[],"Validation":{"Settings":{"Type":"None"}},"GradingData":[],"Language":[],"NextChoiceId":4,"NextAnswerId":1,"QuestionID":"QID6","DataVisibility":{"Private":false,"Hidden":false}}},{"SurveyID":"SV_3UCJtRutT2wgPit","Element":"SQ","PrimaryAttribute":"QID7","SecondaryAttribute":"Error 3: We were unable to save your prior opinion. Variable Value Trial ID ...","TertiaryAttribute":null,"Payload":{"QuestionText":"<div style=\"text-align: center;\">Error 3: We were unable to save your prior opinion.\n<\/div>\n<table align=\"center\" border=\"1\" cellpadding=\"1\" cellspacing=\"1\" style=\"width:500px\">\n <thead>\n  <tr>\n   <th scope=\"col\" style=\"text-align: left;\">Variable<\/th>\n   <th scope=\"col\" style=\"text-align: left;\">Value<\/th>\n  <\/tr>\n <\/thead>\n <tbody>\n  <tr>\n   <td style=\"text-align: left;\">Trial ID<\/td>\n   <td style=\"text-align: left;\">${e:\/\/Field\/log.TrialId}<\/td>\n  <\/tr>\n  <tr>\n   <td style=\"text-align: left;\">Activated<\/td>\n   <td style=\"text-align: left;\">${e:\/\/Field\/log.Activated}<\/td>\n  <\/tr>\n  <tr>\n   <td style=\"text-align: left;\">Subject ID<\/td>\n   <td style=\"text-align: left;\">${e:\/\/Field\/log.SubjectId}<\/td>\n  <\/tr>\n  <tr>\n   <td style=\"text-align: left;\">Timespamp<\/td>\n   <td style=\"text-align: left;\">${e:\/\/Field\/log.Timestamp}<\/td>\n  <\/tr>\n  <tr>\n   <td style=\"text-align: left;\">Value<\/td>\n   <td style=\"text-align: left;\">${e:\/\/Field\/log.Value}<\/td>\n  <\/tr>\n  <tr>\n   <td style=\"text-align: left;\">Assigned<\/td>\n   <td style=\"text-align: left;\">${e:\/\/Field\/log.Assigned}<\/td>\n  <\/tr>\n  <tr>\n   <td style=\"text-align: left;\">Condition<\/td>\n   <td style=\"text-align: left;\">${e:\/\/Field\/log.Condition}<\/td>\n  <\/tr>\n  <tr>\n   <td style=\"text-align: left;\">Ready<\/td>\n   <td style=\"text-align: left;\">${e:\/\/Field\/log.Ready}<\/td>\n  <\/tr>\n  <tr>\n   <td style=\"text-align: left;\">Partner ID<\/td>\n   <td style=\"text-align: left;\">${e:\/\/Field\/log.PartnerId}<\/td>\n  <\/tr>\n  <tr>\n   <td style=\"text-align: left;\">Session ID<\/td>\n   <td style=\"text-align: left;\">${e:\/\/Field\/log.Session}<\/td>\n  <\/tr>\n <\/tbody>\n<\/table>","DefaultChoices":false,"DataExportTag":"error3","QuestionType":"DB","Selector":"TB","DataVisibility":{"Private":false,"Hidden":false},"Configuration":{"QuestionDescriptionOption":"UseText"},"QuestionDescription":"Error 3: We were unable to save your prior opinion. Variable Value Trial ID ...","DisplayLogic":{"0":{"0":{"LogicType":"EmbeddedField","LeftOperand":"ErrorCode","Operator":"EqualTo","RightOperand":"3","Type":"Expression","Description":"<span class=\"ConjDesc\">If<\/span>  <span class=\"LeftOpDesc\">ErrorCode<\/span> <span class=\"OpDesc\">Is Equal to<\/span> <span class=\"RightOpDesc\"> 3 <\/span>"},"Type":"If"},"Type":"BooleanExpression","inPage":false},"ChoiceOrder":[],"Validation":{"Settings":{"Type":"None"}},"GradingData":[],"Language":[],"NextChoiceId":4,"NextAnswerId":1,"QuestionID":"QID7"}},{"SurveyID":"SV_3UCJtRutT2wgPit","Element":"SQ","PrimaryAttribute":"QID10","SecondaryAttribute":"Error 4: We were unable to match you to another participant. Variable Value Trial ID ...","TertiaryAttribute":null,"Payload":{"QuestionText":"<div style=\"text-align: center;\">Error 4: We were unable to match you to another participant.<\/div>\n\n<table align=\"center\" border=\"1\" cellpadding=\"1\" cellspacing=\"1\" style=\"width:500px\">\n <thead>\n  <tr>\n   <th scope=\"col\" style=\"text-align: left;\">Variable<\/th>\n   <th scope=\"col\" style=\"text-align: left;\">Value<\/th>\n  <\/tr>\n <\/thead>\n <tbody>\n  <tr>\n   <td style=\"text-align: left;\">Trial ID<\/td>\n   <td style=\"text-align: left;\">${e:\/\/Field\/log.TrialId}<\/td>\n  <\/tr>\n  <tr>\n   <td style=\"text-align: left;\">Activated<\/td>\n   <td style=\"text-align: left;\">${e:\/\/Field\/log.Activated}<\/td>\n  <\/tr>\n  <tr>\n   <td style=\"text-align: left;\">Subject ID<\/td>\n   <td style=\"text-align: left;\">${e:\/\/Field\/log.SubjectId}<\/td>\n  <\/tr>\n  <tr>\n   <td style=\"text-align: left;\">Timespamp<\/td>\n   <td style=\"text-align: left;\">${e:\/\/Field\/log.Timestamp}<\/td>\n  <\/tr>\n  <tr>\n   <td style=\"text-align: left;\">Value<\/td>\n   <td style=\"text-align: left;\">${e:\/\/Field\/log.Value}<\/td>\n  <\/tr>\n  <tr>\n   <td style=\"text-align: left;\">Assigned<\/td>\n   <td style=\"text-align: left;\">${e:\/\/Field\/log.Assigned}<\/td>\n  <\/tr>\n  <tr>\n   <td style=\"text-align: left;\">Condition<\/td>\n   <td style=\"text-align: left;\">${e:\/\/Field\/log.Condition}<\/td>\n  <\/tr>\n  <tr>\n   <td style=\"text-align: left;\">Ready<\/td>\n   <td style=\"text-align: left;\">${e:\/\/Field\/log.Ready}<\/td>\n  <\/tr>\n  <tr>\n   <td style=\"text-align: left;\">Partner ID<\/td>\n   <td style=\"text-align: left;\">${e:\/\/Field\/log.PartnerId}<\/td>\n  <\/tr>\n  <tr>\n   <td style=\"text-align: left;\">Session ID<\/td>\n   <td style=\"text-align: left;\">${e:\/\/Field\/log.Session}<\/td>\n  <\/tr>\n <\/tbody>\n<\/table>","DefaultChoices":false,"DataExportTag":"error4","QuestionType":"DB","Selector":"TB","DataVisibility":{"Private":false,"Hidden":false},"Configuration":{"QuestionDescriptionOption":"UseText"},"QuestionDescription":"Error 4: We were unable to match you to another participant. Variable Value Trial ID ...","DisplayLogic":{"0":{"0":{"LogicType":"EmbeddedField","LeftOperand":"ErrorCode","Operator":"EqualTo","RightOperand":"4","Type":"Expression","Description":"<span class=\"ConjDesc\">If<\/span>  <span class=\"LeftOpDesc\">ErrorCode<\/span> <span class=\"OpDesc\">Is Equal to<\/span> <span class=\"RightOpDesc\"> 4 <\/span>"},"Type":"If"},"Type":"BooleanExpression","inPage":false},"ChoiceOrder":[],"Validation":{"Settings":{"Type":"None"}},"GradingData":[],"Language":[],"NextChoiceId":4,"NextAnswerId":1,"QuestionID":"QID10"}},{"SurveyID":"SV_3UCJtRutT2wgPit","Element":"SQ","PrimaryAttribute":"QID14","SecondaryAttribute":"Error 5: We were unable to find the details of your collaboration partner. Variable Value Trial I...","TertiaryAttribute":null,"Payload":{"QuestionText":"<div style=\"text-align: center;\">Error 5: We were unable to find the details of your collaboration partner.<\/div>\n\n<table align=\"center\" border=\"1\" cellpadding=\"1\" cellspacing=\"1\" style=\"width:500px\">\n <thead>\n  <tr>\n   <th scope=\"col\" style=\"text-align: left;\">Variable<\/th>\n   <th scope=\"col\" style=\"text-align: left;\">Value<\/th>\n  <\/tr>\n <\/thead>\n <tbody>\n  <tr>\n   <td style=\"text-align: left;\">Trial ID<\/td>\n   <td style=\"text-align: left;\">${e:\/\/Field\/log.TrialId}<\/td>\n  <\/tr>\n  <tr>\n   <td style=\"text-align: left;\">Activated<\/td>\n   <td style=\"text-align: left;\">${e:\/\/Field\/log.Activated}<\/td>\n  <\/tr>\n  <tr>\n   <td style=\"text-align: left;\">Subject ID<\/td>\n   <td style=\"text-align: left;\">${e:\/\/Field\/log.SubjectId}<\/td>\n  <\/tr>\n  <tr>\n   <td style=\"text-align: left;\">Timespamp<\/td>\n   <td style=\"text-align: left;\">${e:\/\/Field\/log.Timestamp}<\/td>\n  <\/tr>\n  <tr>\n   <td style=\"text-align: left;\">Value<\/td>\n   <td style=\"text-align: left;\">${e:\/\/Field\/log.Value}<\/td>\n  <\/tr>\n  <tr>\n   <td style=\"text-align: left;\">Assigned<\/td>\n   <td style=\"text-align: left;\">${e:\/\/Field\/log.Assigned}<\/td>\n  <\/tr>\n  <tr>\n   <td style=\"text-align: left;\">Condition<\/td>\n   <td style=\"text-align: left;\">${e:\/\/Field\/log.Condition}<\/td>\n  <\/tr>\n  <tr>\n   <td style=\"text-align: left;\">Ready<\/td>\n   <td style=\"text-align: left;\">${e:\/\/Field\/log.Ready}<\/td>\n  <\/tr>\n  <tr>\n   <td style=\"text-align: left;\">Partner ID<\/td>\n   <td style=\"text-align: left;\">${e:\/\/Field\/log.PartnerId}<\/td>\n  <\/tr>\n  <tr>\n   <td style=\"text-align: left;\">Session ID<\/td>\n   <td style=\"text-align: left;\">${e:\/\/Field\/log.Session}<\/td>\n  <\/tr>\n <\/tbody>\n<\/table>","DefaultChoices":false,"DataExportTag":"error5","QuestionType":"DB","Selector":"TB","DataVisibility":{"Private":false,"Hidden":false},"Configuration":{"QuestionDescriptionOption":"UseText"},"QuestionDescription":"Error 5: We were unable to find the details of your collaboration partner. Variable Value Trial I...","DisplayLogic":{"0":{"0":{"LogicType":"EmbeddedField","LeftOperand":"ErrorCode","Operator":"EqualTo","RightOperand":"5","Type":"Expression","Description":"<span class=\"ConjDesc\">If<\/span>  <span class=\"LeftOpDesc\">ErrorCode<\/span> <span class=\"OpDesc\">Is Equal to<\/span> <span class=\"RightOpDesc\"> 5 <\/span>"},"Type":"If"},"Type":"BooleanExpression","inPage":false},"ChoiceOrder":[],"Validation":{"Settings":{"Type":"None"}},"GradingData":[],"Language":[],"NextChoiceId":4,"NextAnswerId":1,"QuestionID":"QID14"}},{"SurveyID":"SV_3UCJtRutT2wgPit","Element":"SQ","PrimaryAttribute":"QID16","SecondaryAttribute":"Error 6: We were unable to update your progress. Variable Value Trial ID ${e:\/\/Field\/log.TrialId}...","TertiaryAttribute":null,"Payload":{"QuestionText":"<div style=\"text-align: center;\">Error 6: We were unable to update your progress.<\/div>\n\n<table align=\"center\" border=\"1\" cellpadding=\"1\" cellspacing=\"1\" style=\"width:500px\">\n <thead>\n  <tr>\n   <th scope=\"col\" style=\"text-align: left;\">Variable<\/th>\n   <th scope=\"col\" style=\"text-align: left;\">Value<\/th>\n  <\/tr>\n <\/thead>\n <tbody>\n  <tr>\n   <td style=\"text-align: left;\">Trial ID<\/td>\n   <td style=\"text-align: left;\">${e:\/\/Field\/log.TrialId}<\/td>\n  <\/tr>\n  <tr>\n   <td style=\"text-align: left;\">Activated<\/td>\n   <td style=\"text-align: left;\">${e:\/\/Field\/log.Activated}<\/td>\n  <\/tr>\n  <tr>\n   <td style=\"text-align: left;\">Subject ID<\/td>\n   <td style=\"text-align: left;\">${e:\/\/Field\/log.SubjectId}<\/td>\n  <\/tr>\n  <tr>\n   <td style=\"text-align: left;\">Timespamp<\/td>\n   <td style=\"text-align: left;\">${e:\/\/Field\/log.Timestamp}<\/td>\n  <\/tr>\n  <tr>\n   <td style=\"text-align: left;\">Value<\/td>\n   <td style=\"text-align: left;\">${e:\/\/Field\/log.Value}<\/td>\n  <\/tr>\n  <tr>\n   <td style=\"text-align: left;\">Assigned<\/td>\n   <td style=\"text-align: left;\">${e:\/\/Field\/log.Assigned}<\/td>\n  <\/tr>\n  <tr>\n   <td style=\"text-align: left;\">Condition<\/td>\n   <td style=\"text-align: left;\">${e:\/\/Field\/log.Condition}<\/td>\n  <\/tr>\n  <tr>\n   <td style=\"text-align: left;\">Ready<\/td>\n   <td style=\"text-align: left;\">${e:\/\/Field\/log.Ready}<\/td>\n  <\/tr>\n  <tr>\n   <td style=\"text-align: left;\">Partner ID<\/td>\n   <td style=\"text-align: left;\">${e:\/\/Field\/log.PartnerId}<\/td>\n  <\/tr>\n  <tr>\n   <td style=\"text-align: left;\">Session ID<\/td>\n   <td style=\"text-align: left;\">${e:\/\/Field\/log.Session}<\/td>\n  <\/tr>\n <\/tbody>\n<\/table>","DefaultChoices":false,"DataExportTag":"error6","QuestionType":"DB","Selector":"TB","DataVisibility":{"Private":false,"Hidden":false},"Configuration":{"QuestionDescriptionOption":"UseText"},"QuestionDescription":"Error 6: We were unable to update your progress. Variable Value Trial ID ${e:\/\/Field\/log.TrialId}...","DisplayLogic":{"0":{"0":{"LogicType":"EmbeddedField","LeftOperand":"ErrorCode","Operator":"EqualTo","RightOperand":"5","Type":"Expression","Description":"<span class=\"ConjDesc\">If<\/span>  <span class=\"LeftOpDesc\">ErrorCode<\/span> <span class=\"OpDesc\">Is Equal to<\/span> <span class=\"RightOpDesc\"> 5 <\/span>"},"Type":"If"},"Type":"BooleanExpression","inPage":false},"ChoiceOrder":[],"Validation":{"Settings":{"Type":"None"}},"GradingData":[],"Language":[],"NextChoiceId":4,"NextAnswerId":1,"QuestionID":"QID16"}},{"SurveyID":"SV_3UCJtRutT2wgPit","Element":"SQ","PrimaryAttribute":"QID17","SecondaryAttribute":"Individual writing phase","TertiaryAttribute":null,"Payload":{"QuestionText":"Individual writing phase","DefaultChoices":false,"DataExportTag":"instructions","QuestionType":"DB","Selector":"TB","Configuration":{"QuestionDescriptionOption":"UseText"},"QuestionDescription":"Individual writing phase","ChoiceOrder":[],"Validation":{"Settings":{"Type":"None"}},"GradingData":[],"Language":[],"NextChoiceId":4,"NextAnswerId":1,"QuestionID":"QID17","DataVisibility":{"Private":false,"Hidden":false}}},{"SurveyID":"SV_3UCJtRutT2wgPit","Element":"SQ","PrimaryAttribute":"QID1","SecondaryAttribute":"Please enter a screenname to make collaboration a bit more personal.","TertiaryAttribute":null,"Payload":{"QuestionText":"Please enter a screenname to make collaboration a bit more personal.","DefaultChoices":false,"DataExportTag":"screen_name","QuestionID":"QID1","QuestionType":"TE","Selector":"SL","DataVisibility":{"Private":false,"Hidden":false},"Configuration":{"QuestionDescriptionOption":"UseText","AllowFreeResponse":"false"},"QuestionDescription":"Please enter a screenname to make collaboration a bit more personal.","Validation":{"Settings":{"ForceResponse":"OFF","ForceResponseType":"ON","Type":"None"}},"GradingData":[],"Language":[],"NextChoiceId":4,"NextAnswerId":1}},{"SurveyID":"SV_3UCJtRutT2wgPit","Element":"SQ","PrimaryAttribute":"QID5","SecondaryAttribute":"Please inform the experimenter.","TertiaryAttribute":null,"Payload":{"QuestionText":"<div style=\"text-align: center;\">Please inform the experimenter.<\/div>","DefaultChoices":false,"DataExportTag":"error","QuestionType":"DB","Selector":"TB","Configuration":{"QuestionDescriptionOption":"UseText"},"QuestionDescription":"Please inform the experimenter.","ChoiceOrder":[],"Validation":{"Settings":{"Type":"None"}},"GradingData":[],"Language":[],"NextChoiceId":4,"NextAnswerId":1,"QuestionID":"QID5"}},{"SurveyID":"SV_3UCJtRutT2wgPit","Element":"SQ","PrimaryAttribute":"QID9","SecondaryAttribute":"Reading phase","TertiaryAttribute":null,"Payload":{"QuestionText":"Reading phase","DefaultChoices":false,"DataExportTag":"instructions","QuestionID":"QID9","QuestionType":"DB","Selector":"TB","Configuration":{"QuestionDescriptionOption":"UseText"},"QuestionDescription":"Reading phase","ChoiceOrder":[],"Validation":{"Settings":{"Type":"None"}},"GradingData":[],"Language":[],"NextChoiceId":4,"NextAnswerId":1,"DataVisibility":{"Private":false,"Hidden":false}}},{"SurveyID":"SV_3UCJtRutT2wgPit","Element":"SQ","PrimaryAttribute":"QID4","SecondaryAttribute":"Something went wrong!","TertiaryAttribute":null,"Payload":{"QuestionText":"<div style=\"text-align: center;\"><strong>Something went wrong!<\/strong><\/div>","DefaultChoices":false,"DataExportTag":"error","QuestionType":"DB","Selector":"TB","Configuration":{"QuestionDescriptionOption":"UseText"},"QuestionDescription":"Something went wrong!","ChoiceOrder":[],"Validation":{"Settings":{"Type":"None"}},"GradingData":[],"Language":[],"NextChoiceId":4,"NextAnswerId":1,"QuestionID":"QID4"}},{"SurveyID":"SV_3UCJtRutT2wgPit","Element":"SQ","PrimaryAttribute":"QID18","SecondaryAttribute":"What is your opinion about ...","TertiaryAttribute":null,"Payload":{"QuestionText":"What is your opinion about ...","DefaultChoices":false,"DataExportTag":"prior","QuestionType":"MC","Selector":"SAHR","SubSelector":"TX","DataVisibility":{"Private":false,"Hidden":false},"Configuration":{"QuestionDescriptionOption":"UseText","LabelPosition":"BELOW"},"QuestionDescription":"What is your opinion about ...","Choices":{"1":{"Display":"Strongly against ..."},"2":{"Display":"2"},"3":{"Display":"3"},"4":{"Display":"<\/br>4"},"5":{"Display":"5"},"6":{"Display":"6"},"7":{"Display":"7"},"8":{"Display":"8"},"9":{"Display":"9"},"10":{"Display":"Strongly in favour ..."}},"ChoiceOrder":[1,2,3,4,5,6,7,8,9,10],"Validation":{"Settings":{"ForceResponse":"ON","ForceResponseType":"ON","Type":"None"}},"GradingData":[],"Language":[],"NextChoiceId":11,"NextAnswerId":1,"QuestionID":"QID18"}},{"SurveyID":"SV_3UCJtRutT2wgPit","Element":"SQ","PrimaryAttribute":"QID32","SecondaryAttribute":"Your partner opinion is ","TertiaryAttribute":null,"Payload":{"QuestionText":"Your partner opinion is&nbsp;","DefaultChoices":false,"DataExportTag":"Q21","QuestionType":"DB","Selector":"TB","Configuration":{"QuestionDescriptionOption":"UseText"},"QuestionDescription":"Your partner opinion is ","ChoiceOrder":[],"Validation":{"Settings":{"Type":"None"}},"GradingData":[],"Language":[],"NextChoiceId":4,"NextAnswerId":1,"QuestionID":"QID32"}}]}